# This file is automatically @generated by Cargo.
# It is not intended for manual editing.
version = 4

[[package]]
name = "kordent-api"
version = "0.1.0"
dependencies = [
 "kordent-core",
]

[[package]]
name = "kordent-cli"
version = "0.1.0"
dependencies = [
 "kordent-core",
]

[[package]]
name = "kordent-core"
version = "0.1.0"

[[package]]
name = "kordent-worker"
version = "0.1.0"
dependencies = [
 "kordent-core",
]
